
Microsoft Visual Studio Solution File, Format Version 12.00
# Visual Studio Version 17
VisualStudioVersion = 17.12.35707.178
MinimumVisualStudioVersion = 10.0.40219.1
Project("{FAE04EC0-301F-11D3-BF4B-00C04F79EFBC}") = "Spring2025_andresg", "Spring2025_andresg\Spring2025_andresg.csproj", "{E63F2DC0-BC55-4549-804E-3BDF36AB1431}"
EndProject
Project("{FAE04EC0-301F-11D3-BF4B-00C04F79EFBC}") = "Library.eCommerce", "Library.eCommerce\Library.eCommerce.csproj", "{8778731F-26A6-4F10-8100-D9DC7E455560}"
EndProject
Global
	GlobalSection(SolutionConfigurationPlatforms) = preSolution
		Debug|Any CPU = Debug|Any CPU
		Release|Any CPU = Release|Any CPU
	EndGlobalSection
	GlobalSection(ProjectConfigurationPlatforms) = postSolution
		{E63F2DC0-BC55-4549-804E-3BDF36AB1431}.Debug|Any CPU.ActiveCfg = Debug|Any CPU
		{E63F2DC0-BC55-4549-804E-3BDF36AB1431}.Debug|Any CPU.Build.0 = Debug|Any CPU
		{E63F2DC0-BC55-4549-804E-3BDF36AB1431}.Release|Any CPU.ActiveCfg = Release|Any CPU
		{E63F2DC0-BC55-4549-804E-3BDF36AB1431}.Release|Any CPU.Build.0 = Release|Any CPU
		{8778731F-26A6-4F10-8100-D9DC7E455560}.Debug|Any CPU.ActiveCfg = Debug|Any CPU
		{8778731F-26A6-4F10-8100-D9DC7E455560}.Debug|Any CPU.Build.0 = Debug|Any CPU
		{8778731F-26A6-4F10-8100-D9DC7E455560}.Release|Any CPU.ActiveCfg = Release|Any CPU
		{8778731F-26A6-4F10-8100-D9DC7E455560}.Release|Any CPU.Build.0 = Release|Any CPU
	EndGlobalSection
	GlobalSection(SolutionProperties) = preSolution
		HideSolutionNode = FALSE
	EndGlobalSection
EndGlobal
